{
  "name": "uikit_collection",
  "version": "5.0.0",
  "lockfileVersion": 3,
  "requires": true,
  "packages": {
    "": {
      "name": "uikit_collection",
      "version": "5.0.0",
      "hasInstallScript": true,
      "license": "MIT",
      "dependencies": {
        "uikit": "^3.16.23"
      }
    },
    "node_modules/uikit": {
      "version": "3.23.6",
      "resolved": "https://registry.npmjs.org/uikit/-/uikit-3.23.6.tgz",
      "integrity": "sha512-7VuR+q+gKo6MQK0lJMte6gtyvk22kSrLHV1rgGpB9UvVjkzpQyJb5qEMKvGpokZA3vG6czTOvD88iwTleQLmKA==",
      "license": "MIT"
    }
  }
}
